Microsoft Visual Studio Solution File, Format Version 12.00
# Visual Studio Version 16
VisualStudioVersion = 16.0.30330.147
MinimumVisualStudioVersion = 10.0.40219.1
Project("{2150E333-8FDC-42A3-9474-1A3956D46DE8}") = "Foundation", "Foundation", "{F8B5868F-0AE7-4455-9F93-FA73352310A1}"
EndProject
Project("{2150E333-8FDC-42A3-9474-1A3956D46DE8}") = "DependencyInjection", "DependencyInjection", "{36FDC393-C1DD-4530-810C-D6C5DE3ABC32}"
EndProject
Project("{FAE04EC0-301F-11D3-BF4B-00C04F79EFBC}") = "CT.SC.Foundation.DependencyInjection", "src\Foundation\DependencyInjection\code\CT.SC.Foundation.DependencyInjection.csproj", "{6FE6AC9A-A4AC-4926-86A6-8ED0933AE8D8}"
EndProject
Project("{2150E333-8FDC-42A3-9474-1A3956D46DE8}") = "Solution Items", "Solution Items", "{B90753C3-7770-4226-8F79-178E6A3BFAD8}"
	ProjectSection(SolutionItems) = preProject
		Directory.Build.targets = Directory.Build.targets
		LICENSE.txt = LICENSE.txt
		Packages.props = Packages.props
	EndProjectSection
EndProject
Project("{2150E333-8FDC-42A3-9474-1A3956D46DE8}") = "SitecoreExtensions", "SitecoreExtensions", "{E3CF8DF6-2E35-4FD9-8B1D-28F4C1605286}"
EndProject
Project("{FAE04EC0-301F-11D3-BF4B-00C04F79EFBC}") = "CT.SC.Foundation.SitecoreExtensions", "src\Foundation\SitecoreExtensions\code\CT.SC.Foundation.SitecoreExtensions.csproj", "{88BB9C0E-83D9-4BEF-B35E-52BEDE59C524}"
EndProject
Project("{2150E333-8FDC-42A3-9474-1A3956D46DE8}") = "Assets", "Assets", "{5239E021-C8FD-4DC7-9AEA-121CADE12359}"
EndProject
Project("{FAE04EC0-301F-11D3-BF4B-00C04F79EFBC}") = "CT.SC.Foundation.Assets", "src\Foundation\Assets\code\CT.SC.Foundation.Assets.csproj", "{2D6C240E-092E-4AE7-93EA-AED27FF26B6E}"
EndProject
Project("{2150E333-8FDC-42A3-9474-1A3956D46DE8}") = "Theming", "Theming", "{034EDE59-B39B-4C6F-A665-765F179F9003}"
EndProject
Project("{FAE04EC0-301F-11D3-BF4B-00C04F79EFBC}") = "CT.SC.Foundation.Theming", "src\Foundation\Theming\code\CT.SC.Foundation.Theming.csproj", "{EA4B472C-4663-4A16-8E4B-A572BECC2D3F}"
EndProject
Project("{2150E333-8FDC-42A3-9474-1A3956D46DE8}") = "Serialization", "Serialization", "{966A0759-960D-4FE8-ABFF-F8515CEBBDD6}"
EndProject
Project("{FAE04EC0-301F-11D3-BF4B-00C04F79EFBC}") = "CT.SC.Foundation.Serialization", "src\Foundation\Serialization\code\CT.SC.Foundation.Serialization.csproj", "{DC39FE8A-1A6A-47C8-A0AE-2403C10B7104}"
EndProject
Project("{2150E333-8FDC-42A3-9474-1A3956D46DE8}") = "Utilities", "Utilities", "{6B112AF2-BBE8-4D07-A5B6-C8897938B62F}"
EndProject
Project("{2150E333-8FDC-42A3-9474-1A3956D46DE8}") = "SolrIndexValidation", "SolrIndexValidation", "{6B3018A6-9DA6-4E25-B991-3036B3C6A861}"
EndProject
Project("{FAE04EC0-301F-11D3-BF4B-00C04F79EFBC}") = "CT.SC.Foundation.SolrIndexValidation", "src\Foundation\Utilities\SolrIndexValidation\code\CT.SC.Foundation.SolrIndexValidation.csproj", "{2DACAEE7-2C19-44E3-BE2A-5AD8095A5BEA}"
EndProject
Project("{2150E333-8FDC-42A3-9474-1A3956D46DE8}") = "SQLScripts", "SQLScripts", "{67D681A7-E4C2-47A3-BA58-158D8699B32D}"
EndProject
Project("{2150E333-8FDC-42A3-9474-1A3956D46DE8}") = "GetRedundantFields", "GetRedundantFields", "{7E5C7134-C566-4166-A2A3-22D5A4E284F4}"
	ProjectSection(SolutionItems) = preProject
		src\Foundation\Utilities\SQLScripts\GetRedundantFields\GetRedundantFields.sql = src\Foundation\Utilities\SQLScripts\GetRedundantFields\GetRedundantFields.sql
		src\Foundation\Utilities\SQLScripts\GetRedundantFields\README.md = src\Foundation\Utilities\SQLScripts\GetRedundantFields\README.md
	EndProjectSection
EndProject
Project("{2150E333-8FDC-42A3-9474-1A3956D46DE8}") = "images", "images", "{4450B4E1-777B-4733-B848-93B55A8F9722}"
	ProjectSection(SolutionItems) = preProject
		src\Foundation\Utilities\SQLScripts\GetRedundantFields\images\AddFieldTitle.PNG = src\Foundation\Utilities\SQLScripts\GetRedundantFields\images\AddFieldTitle.PNG
		src\Foundation\Utilities\SQLScripts\GetRedundantFields\images\ApplyFilterIsValidField.PNG = src\Foundation\Utilities\SQLScripts\GetRedundantFields\images\ApplyFilterIsValidField.PNG
		src\Foundation\Utilities\SQLScripts\GetRedundantFields\images\ApplyFilteronFieldName.PNG = src\Foundation\Utilities\SQLScripts\GetRedundantFields\images\ApplyFilteronFieldName.PNG
		src\Foundation\Utilities\SQLScripts\GetRedundantFields\images\ExcludeFields.PNG = src\Foundation\Utilities\SQLScripts\GetRedundantFields\images\ExcludeFields.PNG
		src\Foundation\Utilities\SQLScripts\GetRedundantFields\images\PlaceAllOutputinExcelSheet.PNG = src\Foundation\Utilities\SQLScripts\GetRedundantFields\images\PlaceAllOutputinExcelSheet.PNG
		src\Foundation\Utilities\SQLScripts\GetRedundantFields\images\SQLScript_Output-1.PNG = src\Foundation\Utilities\SQLScripts\GetRedundantFields\images\SQLScript_Output-1.PNG
		src\Foundation\Utilities\SQLScripts\GetRedundantFields\images\SSMS.PNG = src\Foundation\Utilities\SQLScripts\GetRedundantFields\images\SSMS.PNG
	EndProjectSection
EndProject
Global
	GlobalSection(SolutionConfigurationPlatforms) = preSolution
		Debug|Any CPU = Debug|Any CPU
		Release|Any CPU = Release|Any CPU
	EndGlobalSection
	GlobalSection(ProjectConfigurationPlatforms) = postSolution
		{6FE6AC9A-A4AC-4926-86A6-8ED0933AE8D8}.Debug|Any CPU.ActiveCfg = Debug|Any CPU
		{6FE6AC9A-A4AC-4926-86A6-8ED0933AE8D8}.Debug|Any CPU.Build.0 = Debug|Any CPU
		{6FE6AC9A-A4AC-4926-86A6-8ED0933AE8D8}.Release|Any CPU.ActiveCfg = Release|Any CPU
		{6FE6AC9A-A4AC-4926-86A6-8ED0933AE8D8}.Release|Any CPU.Build.0 = Release|Any CPU
		{88BB9C0E-83D9-4BEF-B35E-52BEDE59C524}.Debug|Any CPU.ActiveCfg = Debug|Any CPU
		{88BB9C0E-83D9-4BEF-B35E-52BEDE59C524}.Debug|Any CPU.Build.0 = Debug|Any CPU
		{88BB9C0E-83D9-4BEF-B35E-52BEDE59C524}.Release|Any CPU.ActiveCfg = Release|Any CPU
		{88BB9C0E-83D9-4BEF-B35E-52BEDE59C524}.Release|Any CPU.Build.0 = Release|Any CPU
		{2D6C240E-092E-4AE7-93EA-AED27FF26B6E}.Debug|Any CPU.ActiveCfg = Debug|Any CPU
		{2D6C240E-092E-4AE7-93EA-AED27FF26B6E}.Debug|Any CPU.Build.0 = Debug|Any CPU
		{2D6C240E-092E-4AE7-93EA-AED27FF26B6E}.Release|Any CPU.ActiveCfg = Release|Any CPU
		{2D6C240E-092E-4AE7-93EA-AED27FF26B6E}.Release|Any CPU.Build.0 = Release|Any CPU
		{EA4B472C-4663-4A16-8E4B-A572BECC2D3F}.Debug|Any CPU.ActiveCfg = Debug|Any CPU
		{EA4B472C-4663-4A16-8E4B-A572BECC2D3F}.Debug|Any CPU.Build.0 = Debug|Any CPU
		{EA4B472C-4663-4A16-8E4B-A572BECC2D3F}.Release|Any CPU.ActiveCfg = Release|Any CPU
		{EA4B472C-4663-4A16-8E4B-A572BECC2D3F}.Release|Any CPU.Build.0 = Release|Any CPU
		{DC39FE8A-1A6A-47C8-A0AE-2403C10B7104}.Debug|Any CPU.ActiveCfg = Debug|Any CPU
		{DC39FE8A-1A6A-47C8-A0AE-2403C10B7104}.Debug|Any CPU.Build.0 = Debug|Any CPU
		{DC39FE8A-1A6A-47C8-A0AE-2403C10B7104}.Release|Any CPU.ActiveCfg = Release|Any CPU
		{DC39FE8A-1A6A-47C8-A0AE-2403C10B7104}.Release|Any CPU.Build.0 = Release|Any CPU
		{2DACAEE7-2C19-44E3-BE2A-5AD8095A5BEA}.Debug|Any CPU.ActiveCfg = Debug|Any CPU
		{2DACAEE7-2C19-44E3-BE2A-5AD8095A5BEA}.Debug|Any CPU.Build.0 = Debug|Any CPU
		{2DACAEE7-2C19-44E3-BE2A-5AD8095A5BEA}.Release|Any CPU.ActiveCfg = Release|Any CPU
		{2DACAEE7-2C19-44E3-BE2A-5AD8095A5BEA}.Release|Any CPU.Build.0 = Release|Any CPU
	EndGlobalSection
	GlobalSection(SolutionProperties) = preSolution
		HideSolutionNode = FALSE
	EndGlobalSection
	GlobalSection(NestedProjects) = preSolution
		{36FDC393-C1DD-4530-810C-D6C5DE3ABC32} = {F8B5868F-0AE7-4455-9F93-FA73352310A1}
		{6FE6AC9A-A4AC-4926-86A6-8ED0933AE8D8} = {36FDC393-C1DD-4530-810C-D6C5DE3ABC32}
		{E3CF8DF6-2E35-4FD9-8B1D-28F4C1605286} = {F8B5868F-0AE7-4455-9F93-FA73352310A1}
		{88BB9C0E-83D9-4BEF-B35E-52BEDE59C524} = {E3CF8DF6-2E35-4FD9-8B1D-28F4C1605286}
		{5239E021-C8FD-4DC7-9AEA-121CADE12359} = {F8B5868F-0AE7-4455-9F93-FA73352310A1}
		{2D6C240E-092E-4AE7-93EA-AED27FF26B6E} = {5239E021-C8FD-4DC7-9AEA-121CADE12359}
		{034EDE59-B39B-4C6F-A665-765F179F9003} = {F8B5868F-0AE7-4455-9F93-FA73352310A1}
		{EA4B472C-4663-4A16-8E4B-A572BECC2D3F} = {034EDE59-B39B-4C6F-A665-765F179F9003}
		{966A0759-960D-4FE8-ABFF-F8515CEBBDD6} = {F8B5868F-0AE7-4455-9F93-FA73352310A1}
		{DC39FE8A-1A6A-47C8-A0AE-2403C10B7104} = {966A0759-960D-4FE8-ABFF-F8515CEBBDD6}
		{6B112AF2-BBE8-4D07-A5B6-C8897938B62F} = {F8B5868F-0AE7-4455-9F93-FA73352310A1}
		{6B3018A6-9DA6-4E25-B991-3036B3C6A861} = {6B112AF2-BBE8-4D07-A5B6-C8897938B62F}
		{2DACAEE7-2C19-44E3-BE2A-5AD8095A5BEA} = {6B3018A6-9DA6-4E25-B991-3036B3C6A861}
		{67D681A7-E4C2-47A3-BA58-158D8699B32D} = {6B112AF2-BBE8-4D07-A5B6-C8897938B62F}
		{7E5C7134-C566-4166-A2A3-22D5A4E284F4} = {67D681A7-E4C2-47A3-BA58-158D8699B32D}
		{4450B4E1-777B-4733-B848-93B55A8F9722} = {7E5C7134-C566-4166-A2A3-22D5A4E284F4}
	EndGlobalSection
	GlobalSection(ExtensibilityGlobals) = postSolution
		EnterpriseLibraryConfigurationToolBinariesPathV6 = packages\EnterpriseLibrary.Common.6.0.1304.0\lib\NET45;packages\EnterpriseLibrary.TransientFaultHandling.6.0.1304.0\lib\portable-net45+win+wp8;packages\EnterpriseLibrary.TransientFaultHandling.Caching.6.0.1304.0\lib\NET45;packages\EnterpriseLibrary.TransientFaultHandling.Data.6.0.1304.1\lib\NET45;packages\EnterpriseLibrary.TransientFaultHandling.ServiceBus.6.0.1304.0\lib\NET45;packages\EnterpriseLibrary.TransientFaultHandling.WindowsAzure.Storage.6.0.1304.0\lib\NET45;packages\EnterpriseLibrary.TransientFaultHandling.Configuration.6.0.1304.0\lib\NET45
		SolutionGuid = {9ED2E8C2-8E06-4612-897A-DE5DF9CDADEA}
	EndGlobalSection
EndGlobal
